// !$*UTF8*$!
{
	archiveVersion = 1;
	classes = {
	};
	objectVersion = 56;
	objects = {

/* Begin PBXBuildFile section */
		7C6643842C11912F00F1E705 /* LocationManagers.swift in Sources */ = {isa = PBXBuildFile; fileRef = 7C6643832C11912F00F1E705 /* LocationManagers.swift */; };
		7CA2D09C2C10DFD600EAF168 /* WeatherAppApp.swift in Sources */ = {isa = PBXBuildFile; fileRef = 7CA2D09B2C10DFD600EAF168 /* WeatherAppApp.swift */; };
		7CA2D09E2C10DFD600EAF168 /* ContentView.swift in Sources */ = {isa = PBXBuildFile; fileRef = 7CA2D09D2C10DFD600EAF168 /* ContentView.swift */; };
		7CA2D0A02C10DFDA00EAF168 /* Assets.xcassets in Resources */ = {isa = PBXBuildFile; fileRef = 7CA2D09F2C10DFDA00EAF168 /* Assets.xcassets */; };
		7CA2D0A32C10DFDA00EAF168 /* Preview Assets.xcassets in Resources */ = {isa = PBXBuildFile; fileRef = 7CA2D0A22C10DFDA00EAF168 /* Preview Assets.xcassets */; };
		7CA2D0A52C10DFDA00EAF168 /* Persistence.swift in Sources */ = {isa = PBXBuildFile; fileRef = 7CA2D0A42C10DFDA00EAF168 /* Persistence.swift */; };
		7CA2D0A82C10DFDA00EAF168 /* WeatherApp.xcdatamodeld in Sources */ = {isa = PBXBuildFile; fileRef = 7CA2D0A62C10DFDA00EAF168 /* WeatherApp.xcdatamodeld */; };
		7CA2D0B02C117E5900EAF168 /* WeatherResponse.swift in Sources */ = {isa = PBXBuildFile; fileRef = 7CA2D0AF2C117E5900EAF168 /* WeatherResponse.swift */; };
		7CA2D0B32C117E8800EAF168 /* WeatherServices.swift in Sources */ = {isa = PBXBuildFile; fileRef = 7CA2D0B22C117E8800EAF168 /* WeatherServices.swift */; };
		7CA2D0B62C117F0400EAF168 /* WeatherViewModel.swift in Sources */ = {isa = PBXBuildFile; fileRef = 7CA2D0B52C117F0400EAF168 /* WeatherViewModel.swift */; };
		7CA2D0B92C117FB000EAF168 /* FavouritesViewModel.swift in Sources */ = {isa = PBXBuildFile; fileRef = 7CA2D0B82C117FB000EAF168 /* FavouritesViewModel.swift */; };
		7CA2D0BB2C117FDA00EAF168 /* FavouritesView.swift in Sources */ = {isa = PBXBuildFile; fileRef = 7CA2D0BA2C117FDA00EAF168 /* FavouritesView.swift */; };
/* End PBXBuildFile section */

/* Begin PBXFileReference section */
		7C6643832C11912F00F1E705 /* LocationManagers.swift */ = {isa = PBXFileReference; lastKnownFileType = sourcecode.swift; path = LocationManagers.swift; sourceTree = "<group>"; };
		7CA2D0982C10DFD600EAF168 /* WeatherApp.app */ = {isa = PBXFileReference; explicitFileType = wrapper.application; includeInIndex = 0; path = WeatherApp.app; sourceTree = BUILT_PRODUCTS_DIR; };
		7CA2D09B2C10DFD600EAF168 /* WeatherAppApp.swift */ = {isa = PBXFileReference; lastKnownFileType = sourcecode.swift; path = WeatherAppApp.swift; sourceTree = "<group>"; };
		7CA2D09D2C10DFD600EAF168 /* ContentView.swift */ = {isa = PBXFileReference; lastKnownFileType = sourcecode.swift; path = ContentView.swift; sourceTree = "<group>"; };
		7CA2D09F2C10DFDA00EAF168 /* Assets.xcassets */ = {isa = PBXFileReference; lastKnownFileType = folder.assetcatalog; path = Assets.xcassets; sourceTree = "<group>"; };
		7CA2D0A22C10DFDA00EAF168 /* Preview Assets.xcassets */ = {isa = PBXFileReference; lastKnownFileType = folder.assetcatalog; path = "Preview Assets.xcassets"; sourceTree = "<group>"; };
		7CA2D0A42C10DFDA00EAF168 /* Persistence.swift */ = {isa = PBXFileReference; lastKnownFileType = sourcecode.swift; path = Persistence.swift; sourceTree = "<group>"; };
		7CA2D0A72C10DFDA00EAF168 /* WeatherApp.xcdatamodel */ = {isa = PBXFileReference; lastKnownFileType = wrapper.xcdatamodel; path = WeatherApp.xcdatamodel; sourceTree = "<group>"; };
		7CA2D0AF2C117E5900EAF168 /* WeatherResponse.swift */ = {isa = PBXFileReference; lastKnownFileType = sourcecode.swift; path = WeatherResponse.swift; sourceTree = "<group>"; };
		7CA2D0B22C117E8800EAF168 /* WeatherServices.swift */ = {isa = PBXFileReference; lastKnownFileType = sourcecode.swift; path = WeatherServices.swift; sourceTree = "<group>"; };
		7CA2D0B52C117F0400EAF168 /* WeatherViewModel.swift */ = {isa = PBXFileReference; lastKnownFileType = sourcecode.swift; path = WeatherViewModel.swift; sourceTree = "<group>"; };
		7CA2D0B82C117FB000EAF168 /* FavouritesViewModel.swift */ = {isa = PBXFileReference; lastKnownFileType = sourcecode.swift; path = FavouritesViewModel.swift; sourceTree = "<group>"; };
		7CA2D0BA2C117FDA00EAF168 /* FavouritesView.swift */ = {isa = PBXFileReference; lastKnownFileType = sourcecode.swift; path = FavouritesView.swift; sourceTree = "<group>"; };
/* End PBXFileReference section */

/* Begin PBXFrameworksBuildPhase section */
		7CA2D0952C10DFD600EAF168 /* Frameworks */ = {
			isa = PBXFrameworksBuildPhase;
			buildActionMask = 2147483647;
			files = (
			);
			runOnlyForDeploymentPostprocessing = 0;
		};
/* End PBXFrameworksBuildPhase section */

/* Begin PBXGroup section */
		7C6643822C11908B00F1E705 /* Managers */ = {
			isa = PBXGroup;
			children = (
				7C6643832C11912F00F1E705 /* LocationManagers.swift */,
			);
			path = Managers;
			sourceTree = "<group>";
		};
		7CA2D08F2C10DFD600EAF168 = {
			isa = PBXGroup;
			children = (
				7CA2D09A2C10DFD600EAF168 /* WeatherApp */,
				7CA2D0992C10DFD600EAF168 /* Products */,
			);
			sourceTree = "<group>";
		};
		7CA2D0992C10DFD600EAF168 /* Products */ = {
			isa = PBXGroup;
			children = (
				7CA2D0982C10DFD600EAF168 /* WeatherApp.app */,
			);
			name = Products;
			sourceTree = "<group>";
		};
		7CA2D09A2C10DFD600EAF168 /* WeatherApp */ = {
			isa = PBXGroup;
			children = (
				7C6643822C11908B00F1E705 /* Managers */,
				7CA2D0B42C117EC000EAF168 /* ViewModels */,
				7CA2D0B12C117E7A00EAF168 /* Services */,
				7CA2D0AE2C10E0E000EAF168 /* Models */,
				7CA2D09B2C10DFD600EAF168 /* WeatherAppApp.swift */,
				7CA2D0B72C117F8A00EAF168 /* Views */,
				7CA2D09F2C10DFDA00EAF168 /* Assets.xcassets */,
				7CA2D0A42C10DFDA00EAF168 /* Persistence.swift */,
				7CA2D0A62C10DFDA00EAF168 /* WeatherApp.xcdatamodeld */,
				7CA2D0A12C10DFDA00EAF168 /* Preview Content */,
			);
			path = WeatherApp;
			sourceTree = "<group>";
		};
		7CA2D0A12C10DFDA00EAF168 /* Preview Content */ = {
			isa = PBXGroup;
			children = (
				7CA2D0A22C10DFDA00EAF168 /* Preview Assets.xcassets */,
			);
			path = "Preview Content";
			sourceTree = "<group>";
		};
		7CA2D0AE2C10E0E000EAF168 /* Models */ = {
			isa = PBXGroup;
			children = (
				7CA2D0AF2C117E5900EAF168 /* WeatherResponse.swift */,
			);
			path = Models;
			sourceTree = "<group>";
		};
		7CA2D0B12C117E7A00EAF168 /* Services */ = {
			isa = PBXGroup;
			children = (
				7CA2D0B22C117E8800EAF168 /* WeatherServices.swift */,
			);
			path = Services;
			sourceTree = "<group>";
		};
		7CA2D0B42C117EC000EAF168 /* ViewModels */ = {
			isa = PBXGroup;
			children = (
				7CA2D0B52C117F0400EAF168 /* WeatherViewModel.swift */,
				7CA2D0B82C117FB000EAF168 /* FavouritesViewModel.swift */,
			);
			path = ViewModels;
			sourceTree = "<group>";
		};
		7CA2D0B72C117F8A00EAF168 /* Views */ = {
			isa = PBXGroup;
			children = (
				7CA2D09D2C10DFD600EAF168 /* ContentView.swift */,
				7CA2D0BA2C117FDA00EAF168 /* FavouritesView.swift */,
			);
			path = Views;
			sourceTree = "<group>";
		};
/* End PBXGroup section */

/* Begin PBXNativeTarget section */
		7CA2D0972C10DFD600EAF168 /* WeatherApp */ = {
			isa = PBXNativeTarget;
			buildConfigurationList = 7CA2D0AB2C10DFDA00EAF168 /* Build configuration list for PBXNativeTarget "WeatherApp" */;
			buildPhases = (
				7CA2D0942C10DFD600EAF168 /* Sources */,
				7CA2D0952C10DFD600EAF168 /* Frameworks */,
				7CA2D0962C10DFD600EAF168 /* Resources */,
			);
			buildRules = (
			);
			dependencies = (
			);
			name = WeatherApp;
			productName = WeatherApp;
			productReference = 7CA2D0982C10DFD600EAF168 /* WeatherApp.app */;
			productType = "com.apple.product-type.application";
		};
/* End PBXNativeTarget section */

/* Begin PBXProject section */
		7CA2D0902C10DFD600EAF168 /* Project object */ = {
			isa = PBXProject;
			attributes = {
				BuildIndependentTargetsInParallel = 1;
				LastSwiftUpdateCheck = 1530;
				LastUpgradeCheck = 1530;
				TargetAttributes = {
					7CA2D0972C10DFD600EAF168 = {
						CreatedOnToolsVersion = 15.3;
					};
				};
			};
			buildConfigurationList = 7CA2D0932C10DFD600EAF168 /* Build configuration list for PBXProject "WeatherApp" */;
			compatibilityVersion = "Xcode 14.0";
			developmentRegion = en;
			hasScannedForEncodings = 0;
			knownRegions = (
				en,
				Base,
			);
			mainGroup = 7CA2D08F2C10DFD600EAF168;
			productRefGroup = 7CA2D0992C10DFD600EAF168 /* Products */;
			projectDirPath = "";
			projectRoot = "";
			targets = (
				7CA2D0972C10DFD600EAF168 /* WeatherApp */,
			);
		};
/* End PBXProject section */

/* Begin PBXResourcesBuildPhase section */
		7CA2D0962C10DFD600EAF168 /* Resources */ = {
			isa = PBXResourcesBuildPhase;
			buildActionMask = 2147483647;
			files = (
				7CA2D0A32C10DFDA00EAF168 /* Preview Assets.xcassets in Resources */,
				7CA2D0A02C10DFDA00EAF168 /* Assets.xcassets in Resources */,
			);
			runOnlyForDeploymentPostprocessing = 0;
		};
/* End PBXResourcesBuildPhase section */

/* Begin PBXSourcesBuildPhase section */
		7CA2D0942C10DFD600EAF168 /* Sources */ = {
			isa = PBXSourcesBuildPhase;
			buildActionMask = 2147483647;
			files = (
				7CA2D0B92C117FB000EAF168 /* FavouritesViewModel.swift in Sources */,
				7CA2D0BB2C117FDA00EAF168 /* FavouritesView.swift in Sources */,
				7CA2D0B32C117E8800EAF168 /* WeatherServices.swift in Sources */,
				7CA2D0A82C10DFDA00EAF168 /* WeatherApp.xcdatamodeld in Sources */,
				7CA2D0B02C117E5900EAF168 /* WeatherResponse.swift in Sources */,
				7CA2D0B62C117F0400EAF168 /* WeatherViewModel.swift in Sources */,
				7C6643842C11912F00F1E705 /* LocationManagers.swift in Sources */,
				7CA2D0A52C10DFDA00EAF168 /* Persistence.swift in Sources */,
				7CA2D09E2C10DFD600EAF168 /* ContentView.swift in Sources */,
				7CA2D09C2C10DFD600EAF168 /* WeatherAppApp.swift in Sources */,
			);
			runOnlyForDeploymentPostprocessing = 0;
		};
/* End PBXSourcesBuildPhase section */

/* Begin XCBuildConfiguration section */
		7CA2D0A92C10DFDA00EAF168 /* Debug */ = {
			isa = XCBuildConfiguration;
			buildSettings = {
				ALWAYS_SEARCH_USER_PATHS = NO;
				ASSETCATALOG_COMPILER_GENERATE_SWIFT_ASSET_SYMBOL_EXTENSIONS = YES;
				CLANG_ANALYZER_NONNULL = YES;
				CLANG_ANALYZER_NUMBER_OBJECT_CONVERSION = YES_AGGRESSIVE;
				CLANG_CXX_LANGUAGE_STANDARD = "gnu++20";
				CLANG_ENABLE_MODULES = YES;
				CLANG_ENABLE_OBJC_ARC = YES;
				CLANG_ENABLE_OBJC_WEAK = YES;
				CLANG_WARN_BLOCK_CAPTURE_AUTORELEASING = YES;
				CLANG_WARN_BOOL_CONVERSION = YES;
				CLANG_WARN_COMMA = YES;
				CLANG_WARN_CONSTANT_CONVERSION = YES;
				CLANG_WARN_DEPRECATED_OBJC_IMPLEMENTATIONS = YES;
				CLANG_WARN_DIRECT_OBJC_ISA_USAGE = YES_ERROR;
				CLANG_WARN_DOCUMENTATION_COMMENTS = YES;
				CLANG_WARN_EMPTY_BODY = YES;
				CLANG_WARN_ENUM_CONVERSION = YES;
				CLANG_WARN_INFINITE_RECURSION = YES;
				CLANG_WARN_INT_CONVERSION = YES;
				CLANG_WARN_NON_LITERAL_NULL_CONVERSION = YES;
				CLANG_WARN_OBJC_IMPLICIT_RETAIN_SELF = YES;
				CLANG_WARN_OBJC_LITERAL_CONVERSION = YES;
				CLANG_WARN_OBJC_ROOT_CLASS = YES_ERROR;
				CLANG_WARN_QUOTED_INCLUDE_IN_FRAMEWORK_HEADER = YES;
				CLANG_WARN_RANGE_LOOP_ANALYSIS = YES;
				CLANG_WARN_STRICT_PROTOTYPES = YES;
				CLANG_WARN_SUSPICIOUS_MOVE = YES;
				CLANG_WARN_UNGUARDED_AVAILABILITY = YES_AGGRESSIVE;
				CLANG_WARN_UNREACHABLE_CODE = YES;
				CLANG_WARN__DUPLICATE_METHOD_MATCH = YES;
				COPY_PHASE_STRIP = NO;
				DEBUG_INFORMATION_FORMAT = dwarf;
				ENABLE_STRICT_OBJC_MSGSEND = YES;
				ENABLE_TESTABILITY = YES;
				ENABLE_USER_SCRIPT_SANDBOXING = YES;
				GCC_C_LANGUAGE_STANDARD = gnu17;
				GCC_DYNAMIC_NO_PIC = NO;
				GCC_NO_COMMON_BLOCKS = YES;
				GCC_OPTIMIZATION_LEVEL = 0;
				GCC_PREPROCESSOR_DEFINITIONS = (
					"DEBUG=1",
					"$(inherited)",
				);
				GCC_WARN_64_TO_32_BIT_CONVERSION = YES;
				GCC_WARN_ABOUT_RETURN_TYPE = YES_ERROR;
				GCC_WARN_UNDECLARED_SELECTOR = YES;
				GCC_WARN_UNINITIALIZED_AUTOS = YES_AGGRESSIVE;
				GCC_WARN_UNUSED_FUNCTION = YES;
				GCC_WARN_UNUSED_VARIABLE = YES;
				IPHONEOS_DEPLOYMENT_TARGET = 17.4;
				LOCALIZATION_PREFERS_STRING_CATALOGS = YES;
				MTL_ENABLE_DEBUG_INFO = INCLUDE_SOURCE;
				MTL_FAST_MATH = YES;
				ONLY_ACTIVE_ARCH = YES;
				SDKROOT = iphoneos;
				SWIFT_ACTIVE_COMPILATION_CONDITIONS = "DEBUG $(inherited)";
				SWIFT_OPTIMIZATION_LEVEL = "-Onone";
			};
			name = Debug;
		};
		7CA2D0AA2C10DFDA00EAF168 /* Release */ = {
			isa = XCBuildConfiguration;
			buildSettings = {
				ALWAYS_SEARCH_USER_PATHS = NO;
				ASSETCATALOG_COMPILER_GENERATE_SWIFT_ASSET_SYMBOL_EXTENSIONS = YES;
				CLANG_ANALYZER_NONNULL = YES;
				CLANG_ANALYZER_NUMBER_OBJECT_CONVERSION = YES_AGGRESSIVE;
				CLANG_CXX_LANGUAGE_STANDARD = "gnu++20";
				CLANG_ENABLE_MODULES = YES;
				CLANG_ENABLE_OBJC_ARC = YES;
				CLANG_ENABLE_OBJC_WEAK = YES;
				CLANG_WARN_BLOCK_CAPTURE_AUTORELEASING = YES;
				CLANG_WARN_BOOL_CONVERSION = YES;
				CLANG_WARN_COMMA = YES;
				CLANG_WARN_CONSTANT_CONVERSION = YES;
				CLANG_WARN_DEPRECATED_OBJC_IMPLEMENTATIONS = YES;
				CLANG_WARN_DIRECT_OBJC_ISA_USAGE = YES_ERROR;
				CLANG_WARN_DOCUMENTATION_COMMENTS = YES;
				CLANG_WARN_EMPTY_BODY = YES;
				CLANG_WARN_ENUM_CONVERSION = YES;
				CLANG_WARN_INFINITE_RECURSION = YES;
				CLANG_WARN_INT_CONVERSION = YES;
				CLANG_WARN_NON_LITERAL_NULL_CONVERSION = YES;
				CLANG_WARN_OBJC_IMPLICIT_RETAIN_SELF = YES;
				CLANG_WARN_OBJC_LITERAL_CONVERSION = YES;
				CLANG_WARN_OBJC_ROOT_CLASS = YES_ERROR;
				CLANG_WARN_QUOTED_INCLUDE_IN_FRAMEWORK_HEADER = YES;
				CLANG_WARN_RANGE_LOOP_ANALYSIS = YES;
				CLANG_WARN_STRICT_PROTOTYPES = YES;
				CLANG_WARN_SUSPICIOUS_MOVE = YES;
				CLANG_WARN_UNGUARDED_AVAILABILITY = YES_AGGRESSIVE;
				CLANG_WARN_UNREACHABLE_CODE = YES;
				CLANG_WARN__DUPLICATE_METHOD_MATCH = YES;
				COPY_PHASE_STRIP = NO;
				DEBUG_INFORMATION_FORMAT = "dwarf-with-dsym";
				ENABLE_NS_ASSERTIONS = NO;
				ENABLE_STRICT_OBJC_MSGSEND = YES;
				ENABLE_USER_SCRIPT_SANDBOXING = YES;
				GCC_C_LANGUAGE_STANDARD = gnu17;
				GCC_NO_COMMON_BLOCKS = YES;
				GCC_WARN_64_TO_32_BIT_CONVERSION = YES;
				GCC_WARN_ABOUT_RETURN_TYPE = YES_ERROR;
				GCC_WARN_UNDECLARED_SELECTOR = YES;
				GCC_WARN_UNINITIALIZED_AUTOS = YES_AGGRESSIVE;
				GCC_WARN_UNUSED_FUNCTION = YES;
				GCC_WARN_UNUSED_VARIABLE = YES;
				IPHONEOS_DEPLOYMENT_TARGET = 17.4;
				LOCALIZATION_PREFERS_STRING_CATALOGS = YES;
				MTL_ENABLE_DEBUG_INFO = NO;
				MTL_FAST_MATH = YES;
				SDKROOT = iphoneos;
				SWIFT_COMPILATION_MODE = wholemodule;
				VALIDATE_PRODUCT = YES;
			};
			name = Release;
		};
		7CA2D0AC2C10DFDA00EAF168 /* Debug */ = {
			isa = XCBuildConfiguration;
			buildSettings = {
				ASSETCATALOG_COMPILER_APPICON_NAME = AppIcon;
				ASSETCATALOG_COMPILER_GLOBAL_ACCENT_COLOR_NAME = AccentColor;
				CODE_SIGN_STYLE = Automatic;
				CURRENT_PROJECT_VERSION = 1;
				DEVELOPMENT_ASSET_PATHS = "\"WeatherApp/Preview Content\"";
				ENABLE_PREVIEWS = YES;
				GENERATE_INFOPLIST_FILE = YES;
				INFOPLIST_KEY_NSLocationAlwaysAndWhenInUseUsageDescription = "We need your location to provide weather information even when the app is in the background.";
				INFOPLIST_KEY_NSLocationWhenInUseUsageDescription = "We need your location to provide weather information even when the app is in the background.";
				INFOPLIST_KEY_UIApplicationSceneManifest_Generation = YES;
				INFOPLIST_KEY_UIApplicationSupportsIndirectInputEvents = YES;
				INFOPLIST_KEY_UILaunchScreen_Generation = YES;
				INFOPLIST_KEY_UISupportedInterfaceOrientations_iPad = "UIInterfaceOrientationPortrait UIInterfaceOrientationPortraitUpsideDown UIInterfaceOrientationLandscapeLeft UIInterfaceOrientationLandscapeRight";
				INFOPLIST_KEY_UISupportedInterfaceOrientations_iPhone = "UIInterfaceOrientationPortrait UIInterfaceOrientationLandscapeLeft UIInterfaceOrientationLandscapeRight";
				LD_RUNPATH_SEARCH_PATHS = (
					"$(inherited)",
					"@executable_path/Frameworks",
				);
				MARKETING_VERSION = 1.0;
				PRODUCT_BUNDLE_IDENTIFIER = com.testtt.www.WeatherApp;
				PRODUCT_NAME = "$(TARGET_NAME)";
				SWIFT_EMIT_LOC_STRINGS = YES;
				SWIFT_VERSION = 5.0;
				TARGETED_DEVICE_FAMILY = "1,2";
			};
			name = Debug;
		};
		7CA2D0AD2C10DFDA00EAF168 /* Release */ = {
			isa = XCBuildConfiguration;
			buildSettings = {
				ASSETCATALOG_COMPILER_APPICON_NAME = AppIcon;
				ASSETCATALOG_COMPILER_GLOBAL_ACCENT_COLOR_NAME = AccentColor;
				CODE_SIGN_STYLE = Automatic;
				CURRENT_PROJECT_VERSION = 1;
				DEVELOPMENT_ASSET_PATHS = "\"WeatherApp/Preview Content\"";
				ENABLE_PREVIEWS = YES;
				GENERATE_INFOPLIST_FILE = YES;
				INFOPLIST_KEY_NSLocationAlwaysAndWhenInUseUsageDescription = "We need your location to provide weather information even when the app is in the background.";
				INFOPLIST_KEY_NSLocationWhenInUseUsageDescription = "We need your location to provide weather information even when the app is in the background.";
				INFOPLIST_KEY_UIApplicationSceneManifest_Generation = YES;
				INFOPLIST_KEY_UIApplicationSupportsIndirectInputEvents = YES;
				INFOPLIST_KEY_UILaunchScreen_Generation = YES;
				INFOPLIST_KEY_UISupportedInterfaceOrientations_iPad = "UIInterfaceOrientationPortrait UIInterfaceOrientationPortraitUpsideDown UIInterfaceOrientationLandscapeLeft UIInterfaceOrientationLandscapeRight";
				INFOPLIST_KEY_UISupportedInterfaceOrientations_iPhone = "UIInterfaceOrientationPortrait UIInterfaceOrientationLandscapeLeft UIInterfaceOrientationLandscapeRight";
				LD_RUNPATH_SEARCH_PATHS = (
					"$(inherited)",
					"@executable_path/Frameworks",
				);
				MARKETING_VERSION = 1.0;
				PRODUCT_BUNDLE_IDENTIFIER = com.testtt.www.WeatherApp;
				PRODUCT_NAME = "$(TARGET_NAME)";
				SWIFT_EMIT_LOC_STRINGS = YES;
				SWIFT_VERSION = 5.0;
				TARGETED_DEVICE_FAMILY = "1,2";
			};
			name = Release;
		};
/* End XCBuildConfiguration section */

/* Begin XCConfigurationList section */
		7CA2D0932C10DFD600EAF168 /* Build configuration list for PBXProject "WeatherApp" */ = {
			isa = XCConfigurationList;
			buildConfigurations = (
				7CA2D0A92C10DFDA00EAF168 /* Debug */,
				7CA2D0AA2C10DFDA00EAF168 /* Release */,
			);
			defaultConfigurationIsVisible = 0;
			defaultConfigurationName = Release;
		};
		7CA2D0AB2C10DFDA00EAF168 /* Build configuration list for PBXNativeTarget "WeatherApp" */ = {
			isa = XCConfigurationList;
			buildConfigurations = (
				7CA2D0AC2C10DFDA00EAF168 /* Debug */,
				7CA2D0AD2C10DFDA00EAF168 /* Release */,
			);
			defaultConfigurationIsVisible = 0;
			defaultConfigurationName = Release;
		};
/* End XCConfigurationList section */

/* Begin XCVersionGroup section */
		7CA2D0A62C10DFDA00EAF168 /* WeatherApp.xcdatamodeld */ = {
			isa = XCVersionGroup;
			children = (
				7CA2D0A72C10DFDA00EAF168 /* WeatherApp.xcdatamodel */,
			);
			currentVersion = 7CA2D0A72C10DFDA00EAF168 /* WeatherApp.xcdatamodel */;
			path = WeatherApp.xcdatamodeld;
			sourceTree = "<group>";
			versionGroupType = wrapper.xcdatamodel;
		};
/* End XCVersionGroup section */
	};
	rootObject = 7CA2D0902C10DFD600EAF168 /* Project object */;
}
